
Microsoft Visual Studio Solution File, Format Version 12.00
# Visual Studio 15
VisualStudioVersion = 15.0.28307.705
MinimumVisualStudioVersion = 10.0.40219.1
Project("{FAE04EC0-301F-11D3-BF4B-00C04F79EFBC}") = "GAkademiVideoDownloader", "GAkademiVideoDownloader\GAkademiVideoDownloader.csproj", "{41EC4FC7-8826-49C8-8BB5-E5CE99173914}"
EndProject
Project("{2150E333-8FDC-42A3-9474-1A3956D46DE8}") = "CurrencyRateTracker", "CurrencyRateTracker", "{AD1B5B42-F514-4365-AB44-E8987F58EA9D}"
EndProject
Project("{FAE04EC0-301F-11D3-BF4B-00C04F79EFBC}") = "SimpleRateTracker", "CurrencyRateTracker\SimpleRateTracker\SimpleRateTracker.csproj", "{EB4BDEF6-6186-4879-A4A8-22B82273FEBF}"
EndProject
Project("{FAE04EC0-301F-11D3-BF4B-00C04F79EFBC}") = "HandyTool", "HandyTool\HandyTool.csproj", "{2F4794CD-54E3-4CA9-A84D-266CC92F7974}"
EndProject
Project("{2150E333-8FDC-42A3-9474-1A3956D46DE8}") = "CrackingInterview", "CrackingInterview", "{EBA1A243-D383-42AF-BA08-E69ECA38F6CA}"
EndProject
Project("{2150E333-8FDC-42A3-9474-1A3956D46DE8}") = "C01_ArraysAndStrings", "C01_ArraysAndStrings", "{7C96EDC8-3D86-4AC3-9166-F8667A5C18DF}"
EndProject
Project("{FAE04EC0-301F-11D3-BF4B-00C04F79EFBC}") = "1.1_StringHasUniqueCharacters", "CrackingInterview\C01_ArraysAndStrings\1.1_StringHasUniqueCharacters\1.1_StringHasUniqueCharacters.csproj", "{6ADE18B0-3F8C-4DE6-917E-E796D9DD7687}"
EndProject
Project("{FAE04EC0-301F-11D3-BF4B-00C04F79EFBC}") = "1.2_ReverseString", "CrackingInterview\C01_ArraysAndStrings\1.2_ReverseString\1.2_ReverseString.csproj", "{C2842544-83EB-4260-9BCE-DD33AF21F3B3}"
EndProject
Project("{FAE04EC0-301F-11D3-BF4B-00C04F79EFBC}") = "1.3_DuplicateCharRemover", "CrackingInterview\C01_ArraysAndStrings\1.3_DuplicateCharRemover\1.3_DuplicateCharRemover.csproj", "{51CB79E9-33F6-443F-B203-B52C6F79CB19}"
EndProject
Project("{FAE04EC0-301F-11D3-BF4B-00C04F79EFBC}") = "1.4_AnagramDetector", "CrackingInterview\C01_ArraysAndStrings\1.4_AnagramDetector\1.4_AnagramDetector.csproj", "{2382CC4E-F609-4E85-A3A8-701D705BA6D3}"
EndProject
Project("{FAE04EC0-301F-11D3-BF4B-00C04F79EFBC}") = "1.5_SpaceReplace", "CrackingInterview\C01_ArraysAndStrings\1.5_SpaceReplace\1.5_SpaceReplace.csproj", "{C271FFD8-BFD3-419C-9395-6D318A8CDD7A}"
EndProject
Project("{FAE04EC0-301F-11D3-BF4B-00C04F79EFBC}") = "1.6_MatrixRotator", "CrackingInterview\C01_ArraysAndStrings\1.6_MatrixRotator\1.6_MatrixRotator.csproj", "{A5266214-418C-4A78-B679-02725CE1611C}"
EndProject
Project("{FAE04EC0-301F-11D3-BF4B-00C04F79EFBC}") = "HandyTool.Stock", "HandyTool.Stock\HandyTool.Stock.csproj", "{6EDA1538-D34B-45AB-9909-03468B05292D}"
EndProject
Project("{FAE04EC0-301F-11D3-BF4B-00C04F79EFBC}") = "HandyTool.Stock.Tests", "HandyTool.Stock.Tests\HandyTool.Stock.Tests.csproj", "{5942B853-4A9C-4081-8CAD-B4F749D8DC1A}"
EndProject
Global
	GlobalSection(SolutionConfigurationPlatforms) = preSolution
		Debug|Any CPU = Debug|Any CPU
		Release|Any CPU = Release|Any CPU
	EndGlobalSection
	GlobalSection(ProjectConfigurationPlatforms) = postSolution
		{41EC4FC7-8826-49C8-8BB5-E5CE99173914}.Debug|Any CPU.ActiveCfg = Debug|Any CPU
		{41EC4FC7-8826-49C8-8BB5-E5CE99173914}.Debug|Any CPU.Build.0 = Debug|Any CPU
		{41EC4FC7-8826-49C8-8BB5-E5CE99173914}.Release|Any CPU.ActiveCfg = Release|Any CPU
		{41EC4FC7-8826-49C8-8BB5-E5CE99173914}.Release|Any CPU.Build.0 = Release|Any CPU
		{EB4BDEF6-6186-4879-A4A8-22B82273FEBF}.Debug|Any CPU.ActiveCfg = Debug|Any CPU
		{EB4BDEF6-6186-4879-A4A8-22B82273FEBF}.Debug|Any CPU.Build.0 = Debug|Any CPU
		{EB4BDEF6-6186-4879-A4A8-22B82273FEBF}.Release|Any CPU.ActiveCfg = Release|Any CPU
		{EB4BDEF6-6186-4879-A4A8-22B82273FEBF}.Release|Any CPU.Build.0 = Release|Any CPU
		{2F4794CD-54E3-4CA9-A84D-266CC92F7974}.Debug|Any CPU.ActiveCfg = Debug|Any CPU
		{2F4794CD-54E3-4CA9-A84D-266CC92F7974}.Debug|Any CPU.Build.0 = Debug|Any CPU
		{2F4794CD-54E3-4CA9-A84D-266CC92F7974}.Release|Any CPU.ActiveCfg = Release|Any CPU
		{2F4794CD-54E3-4CA9-A84D-266CC92F7974}.Release|Any CPU.Build.0 = Release|Any CPU
		{6ADE18B0-3F8C-4DE6-917E-E796D9DD7687}.Debug|Any CPU.ActiveCfg = Debug|Any CPU
		{6ADE18B0-3F8C-4DE6-917E-E796D9DD7687}.Debug|Any CPU.Build.0 = Debug|Any CPU
		{6ADE18B0-3F8C-4DE6-917E-E796D9DD7687}.Release|Any CPU.ActiveCfg = Release|Any CPU
		{6ADE18B0-3F8C-4DE6-917E-E796D9DD7687}.Release|Any CPU.Build.0 = Release|Any CPU
		{C2842544-83EB-4260-9BCE-DD33AF21F3B3}.Debug|Any CPU.ActiveCfg = Debug|Any CPU
		{C2842544-83EB-4260-9BCE-DD33AF21F3B3}.Debug|Any CPU.Build.0 = Debug|Any CPU
		{C2842544-83EB-4260-9BCE-DD33AF21F3B3}.Release|Any CPU.ActiveCfg = Release|Any CPU
		{C2842544-83EB-4260-9BCE-DD33AF21F3B3}.Release|Any CPU.Build.0 = Release|Any CPU
		{51CB79E9-33F6-443F-B203-B52C6F79CB19}.Debug|Any CPU.ActiveCfg = Debug|Any CPU
		{51CB79E9-33F6-443F-B203-B52C6F79CB19}.Debug|Any CPU.Build.0 = Debug|Any CPU
		{51CB79E9-33F6-443F-B203-B52C6F79CB19}.Release|Any CPU.ActiveCfg = Release|Any CPU
		{51CB79E9-33F6-443F-B203-B52C6F79CB19}.Release|Any CPU.Build.0 = Release|Any CPU
		{2382CC4E-F609-4E85-A3A8-701D705BA6D3}.Debug|Any CPU.ActiveCfg = Debug|Any CPU
		{2382CC4E-F609-4E85-A3A8-701D705BA6D3}.Debug|Any CPU.Build.0 = Debug|Any CPU
		{2382CC4E-F609-4E85-A3A8-701D705BA6D3}.Release|Any CPU.ActiveCfg = Release|Any CPU
		{2382CC4E-F609-4E85-A3A8-701D705BA6D3}.Release|Any CPU.Build.0 = Release|Any CPU
		{C271FFD8-BFD3-419C-9395-6D318A8CDD7A}.Debug|Any CPU.ActiveCfg = Debug|Any CPU
		{C271FFD8-BFD3-419C-9395-6D318A8CDD7A}.Debug|Any CPU.Build.0 = Debug|Any CPU
		{C271FFD8-BFD3-419C-9395-6D318A8CDD7A}.Release|Any CPU.ActiveCfg = Release|Any CPU
		{C271FFD8-BFD3-419C-9395-6D318A8CDD7A}.Release|Any CPU.Build.0 = Release|Any CPU
		{A5266214-418C-4A78-B679-02725CE1611C}.Debug|Any CPU.ActiveCfg = Debug|Any CPU
		{A5266214-418C-4A78-B679-02725CE1611C}.Debug|Any CPU.Build.0 = Debug|Any CPU
		{A5266214-418C-4A78-B679-02725CE1611C}.Release|Any CPU.ActiveCfg = Release|Any CPU
		{A5266214-418C-4A78-B679-02725CE1611C}.Release|Any CPU.Build.0 = Release|Any CPU
		{6EDA1538-D34B-45AB-9909-03468B05292D}.Debug|Any CPU.ActiveCfg = Debug|Any CPU
		{6EDA1538-D34B-45AB-9909-03468B05292D}.Debug|Any CPU.Build.0 = Debug|Any CPU
		{6EDA1538-D34B-45AB-9909-03468B05292D}.Release|Any CPU.ActiveCfg = Release|Any CPU
		{6EDA1538-D34B-45AB-9909-03468B05292D}.Release|Any CPU.Build.0 = Release|Any CPU
		{5942B853-4A9C-4081-8CAD-B4F749D8DC1A}.Debug|Any CPU.ActiveCfg = Debug|Any CPU
		{5942B853-4A9C-4081-8CAD-B4F749D8DC1A}.Debug|Any CPU.Build.0 = Debug|Any CPU
		{5942B853-4A9C-4081-8CAD-B4F749D8DC1A}.Release|Any CPU.ActiveCfg = Release|Any CPU
		{5942B853-4A9C-4081-8CAD-B4F749D8DC1A}.Release|Any CPU.Build.0 = Release|Any CPU
	EndGlobalSection
	GlobalSection(SolutionProperties) = preSolution
		HideSolutionNode = FALSE
	EndGlobalSection
	GlobalSection(NestedProjects) = preSolution
		{EB4BDEF6-6186-4879-A4A8-22B82273FEBF} = {AD1B5B42-F514-4365-AB44-E8987F58EA9D}
		{7C96EDC8-3D86-4AC3-9166-F8667A5C18DF} = {EBA1A243-D383-42AF-BA08-E69ECA38F6CA}
		{6ADE18B0-3F8C-4DE6-917E-E796D9DD7687} = {7C96EDC8-3D86-4AC3-9166-F8667A5C18DF}
		{C2842544-83EB-4260-9BCE-DD33AF21F3B3} = {7C96EDC8-3D86-4AC3-9166-F8667A5C18DF}
		{51CB79E9-33F6-443F-B203-B52C6F79CB19} = {7C96EDC8-3D86-4AC3-9166-F8667A5C18DF}
		{2382CC4E-F609-4E85-A3A8-701D705BA6D3} = {7C96EDC8-3D86-4AC3-9166-F8667A5C18DF}
		{C271FFD8-BFD3-419C-9395-6D318A8CDD7A} = {7C96EDC8-3D86-4AC3-9166-F8667A5C18DF}
		{A5266214-418C-4A78-B679-02725CE1611C} = {7C96EDC8-3D86-4AC3-9166-F8667A5C18DF}
	EndGlobalSection
	GlobalSection(ExtensibilityGlobals) = postSolution
		SolutionGuid = {63708BAD-FB8C-4FC1-A9E9-7EB49006CEC6}
	EndGlobalSection
EndGlobal
